
Microsoft Visual Studio Solution File, Format Version 12.00
# Visual Studio Version 16
VisualStudioVersion = 16.0.31515.178
MinimumVisualStudioVersion = 10.0.40219.1
Project("{9A19103F-16F7-4668-BE54-9A1E7A4F7556}") = "Metrix.Dashboard.Web.Server", "Metrix.Dashboard.Web\Server\Metrix.Dashboard.Web.Server.csproj", "{D7FA9BFE-D4D4-4AC9-92FF-D50EB645C9C3}"
EndProject
Project("{9A19103F-16F7-4668-BE54-9A1E7A4F7556}") = "Metrix.Dashboard.Web.Client", "Metrix.Dashboard.Web\Client\Metrix.Dashboard.Web.Client.csproj", "{13E93DF4-B762-420F-A0B2-4FE7622A25CF}"
EndProject
Project("{9A19103F-16F7-4668-BE54-9A1E7A4F7556}") = "Metrix.Models", "Metrix.Models\Metrix.Models.csproj", "{6AB98B3A-231F-449B-A3B0-9D688D04F005}"
EndProject
Project("{FAE04EC0-301F-11D3-BF4B-00C04F79EFBC}") = "Metrix.Http", "Metrix.Http\Metrix.Http.csproj", "{7532266E-1422-4573-AAFF-D79EC3FDFA46}"
EndProject
Project("{FAE04EC0-301F-11D3-BF4B-00C04F79EFBC}") = "Metrix.Utils", "Metrix.Utils\Metrix.Utils.csproj", "{F0A52A1D-523C-4C88-A795-72E3E4F3EBE8}"
EndProject
Global
	GlobalSection(SolutionConfigurationPlatforms) = preSolution
		Debug|Any CPU = Debug|Any CPU
		Release|Any CPU = Release|Any CPU
	EndGlobalSection
	GlobalSection(ProjectConfigurationPlatforms) = postSolution
		{D7FA9BFE-D4D4-4AC9-92FF-D50EB645C9C3}.Debug|Any CPU.ActiveCfg = Debug|Any CPU
		{D7FA9BFE-D4D4-4AC9-92FF-D50EB645C9C3}.Debug|Any CPU.Build.0 = Debug|Any CPU
		{D7FA9BFE-D4D4-4AC9-92FF-D50EB645C9C3}.Release|Any CPU.ActiveCfg = Release|Any CPU
		{D7FA9BFE-D4D4-4AC9-92FF-D50EB645C9C3}.Release|Any CPU.Build.0 = Release|Any CPU
		{13E93DF4-B762-420F-A0B2-4FE7622A25CF}.Debug|Any CPU.ActiveCfg = Debug|Any CPU
		{13E93DF4-B762-420F-A0B2-4FE7622A25CF}.Debug|Any CPU.Build.0 = Debug|Any CPU
		{13E93DF4-B762-420F-A0B2-4FE7622A25CF}.Release|Any CPU.ActiveCfg = Release|Any CPU
		{13E93DF4-B762-420F-A0B2-4FE7622A25CF}.Release|Any CPU.Build.0 = Release|Any CPU
		{6AB98B3A-231F-449B-A3B0-9D688D04F005}.Debug|Any CPU.ActiveCfg = Debug|Any CPU
		{6AB98B3A-231F-449B-A3B0-9D688D04F005}.Debug|Any CPU.Build.0 = Debug|Any CPU
		{6AB98B3A-231F-449B-A3B0-9D688D04F005}.Release|Any CPU.ActiveCfg = Release|Any CPU
		{6AB98B3A-231F-449B-A3B0-9D688D04F005}.Release|Any CPU.Build.0 = Release|Any CPU
		{7532266E-1422-4573-AAFF-D79EC3FDFA46}.Debug|Any CPU.ActiveCfg = Debug|Any CPU
		{7532266E-1422-4573-AAFF-D79EC3FDFA46}.Debug|Any CPU.Build.0 = Debug|Any CPU
		{7532266E-1422-4573-AAFF-D79EC3FDFA46}.Release|Any CPU.ActiveCfg = Release|Any CPU
		{7532266E-1422-4573-AAFF-D79EC3FDFA46}.Release|Any CPU.Build.0 = Release|Any CPU
		{F0A52A1D-523C-4C88-A795-72E3E4F3EBE8}.Debug|Any CPU.ActiveCfg = Debug|Any CPU
		{F0A52A1D-523C-4C88-A795-72E3E4F3EBE8}.Debug|Any CPU.Build.0 = Debug|Any CPU
		{F0A52A1D-523C-4C88-A795-72E3E4F3EBE8}.Release|Any CPU.ActiveCfg = Release|Any CPU
		{F0A52A1D-523C-4C88-A795-72E3E4F3EBE8}.Release|Any CPU.Build.0 = Release|Any CPU
	EndGlobalSection
	GlobalSection(SolutionProperties) = preSolution
		HideSolutionNode = FALSE
	EndGlobalSection
	GlobalSection(ExtensibilityGlobals) = postSolution
		SolutionGuid = {4D6D3F37-68C0-4746-867E-FCA8F94E48A2}
	EndGlobalSection
EndGlobal
